{
  "name": "react-native-wheel-picker-android",
  "version": "2.0.6",
  "lockfileVersion": 1,
  "requires": true,
  "dependencies": {
    "moment": {
      "version": "2.27.0",
      "resolved": "https://mmrepo.jfrog.io/mmrepo/api/npm/npm-virtual/moment/-/moment-2.27.0.tgz",
      "integrity": "sha1-i/9OPiaiNiIN/j423nVrbrqgEF0="
    }
  }
}
